
Microsoft Visual Studio Solution File, Format Version 12.00
# Visual Studio 15
Project("{FAE04EC0-301F-11D3-BF4B-00C04F79EFBC}") = "DemoHomework", "DemoHomework.csproj", "{BEB887EC-039D-4F57-8026-428AC86CB2FB}"
EndProject
Global
	GlobalSection(SolutionConfigurationPlatforms) = preSolution
		Debug|Any CPU = Debug|Any CPU
		Release|Any CPU = Release|Any CPU
	EndGlobalSection
	GlobalSection(ProjectConfigurationPlatforms) = postSolution
		{BEB887EC-039D-4F57-8026-428AC86CB2FB}.Debug|Any CPU.ActiveCfg = Debug|Any CPU
		{BEB887EC-039D-4F57-8026-428AC86CB2FB}.Debug|Any CPU.Build.0 = Debug|Any CPU
		{BEB887EC-039D-4F57-8026-428AC86CB2FB}.Release|Any CPU.ActiveCfg = Release|Any CPU
		{BEB887EC-039D-4F57-8026-428AC86CB2FB}.Release|Any CPU.Build.0 = Release|Any CPU
	EndGlobalSection
EndGlobal
